
Microsoft Visual Studio Solution File, Format Version 12.00
# Visual Studio Version 17
VisualStudioVersion = 17.0.31903.59
MinimumVisualStudioVersion = 10.0.40219.1
Project("{FAE04EC0-301F-11D3-BF4B-00C04F79EFBC}") = "API", "API\API.csproj", "{EBEA8BFF-3348-4875-B1AE-18484EB4E065}"
EndProject
Project("{FAE04EC0-301F-11D3-BF4B-00C04F79EFBC}") = "Core", "Core\Core.csproj", "{CF978054-EFAD-49BF-98D6-81CF62452D93}"
EndProject
Project("{FAE04EC0-301F-11D3-BF4B-00C04F79EFBC}") = "Infrastructure", "Infrastructure\Infrastructure.csproj", "{4369CD0F-AD29-4D70-B07C-3D24AC5B5329}"
EndProject
Global
	GlobalSection(SolutionConfigurationPlatforms) = preSolution
		Debug|Any CPU = Debug|Any CPU
		Release|Any CPU = Release|Any CPU
	EndGlobalSection
	GlobalSection(SolutionProperties) = preSolution
		HideSolutionNode = FALSE
	EndGlobalSection
	GlobalSection(ProjectConfigurationPlatforms) = postSolution
		{EBEA8BFF-3348-4875-B1AE-18484EB4E065}.Debug|Any CPU.ActiveCfg = Debug|Any CPU
		{EBEA8BFF-3348-4875-B1AE-18484EB4E065}.Debug|Any CPU.Build.0 = Debug|Any CPU
		{EBEA8BFF-3348-4875-B1AE-18484EB4E065}.Release|Any CPU.ActiveCfg = Release|Any CPU
		{EBEA8BFF-3348-4875-B1AE-18484EB4E065}.Release|Any CPU.Build.0 = Release|Any CPU
		{CF978054-EFAD-49BF-98D6-81CF62452D93}.Debug|Any CPU.ActiveCfg = Debug|Any CPU
		{CF978054-EFAD-49BF-98D6-81CF62452D93}.Debug|Any CPU.Build.0 = Debug|Any CPU
		{CF978054-EFAD-49BF-98D6-81CF62452D93}.Release|Any CPU.ActiveCfg = Release|Any CPU
		{CF978054-EFAD-49BF-98D6-81CF62452D93}.Release|Any CPU.Build.0 = Release|Any CPU
		{4369CD0F-AD29-4D70-B07C-3D24AC5B5329}.Debug|Any CPU.ActiveCfg = Debug|Any CPU
		{4369CD0F-AD29-4D70-B07C-3D24AC5B5329}.Debug|Any CPU.Build.0 = Debug|Any CPU
		{4369CD0F-AD29-4D70-B07C-3D24AC5B5329}.Release|Any CPU.ActiveCfg = Release|Any CPU
		{4369CD0F-AD29-4D70-B07C-3D24AC5B5329}.Release|Any CPU.Build.0 = Release|Any CPU
	EndGlobalSection
EndGlobal
